
Microsoft Visual Studio Solution File, Format Version 12.00
# Visual Studio Version 16
VisualStudioVersion = 16.0.30128.74
MinimumVisualStudioVersion = 10.0.40219.1
Project("{FAE04EC0-301F-11D3-BF4B-00C04F79EFBC}") = "UserFinal", "UserFinal.csproj", "{21BF16E4-87C6-4445-93BA-CF579CC47882}"
EndProject
Global
	GlobalSection(SolutionConfigurationPlatforms) = preSolution
		Debug|Any CPU = Debug|Any CPU
		Release|Any CPU = Release|Any CPU
	EndGlobalSection
	GlobalSection(ProjectConfigurationPlatforms) = postSolution
		{21BF16E4-87C6-4445-93BA-CF579CC47882}.Debug|Any CPU.ActiveCfg = Debug|Any CPU
		{21BF16E4-87C6-4445-93BA-CF579CC47882}.Debug|Any CPU.Build.0 = Debug|Any CPU
		{21BF16E4-87C6-4445-93BA-CF579CC47882}.Release|Any CPU.ActiveCfg = Release|Any CPU
		{21BF16E4-87C6-4445-93BA-CF579CC47882}.Release|Any CPU.Build.0 = Release|Any CPU
	EndGlobalSection
	GlobalSection(SolutionProperties) = preSolution
		HideSolutionNode = FALSE
	EndGlobalSection
	GlobalSection(ExtensibilityGlobals) = postSolution
		SolutionGuid = {FC3AF733-603E-4F55-8CEE-57D6D89145A5}
	EndGlobalSection
EndGlobal
